// !$*UTF8*$!
{
	archiveVersion = 1;
	classes = {
	};
	objectVersion = 56;
	objects = {

/* Begin PBXBuildFile section */
		685AC78E29B5FFB100862F19 /* AppDelegate.swift in Sources */ = {isa = PBXBuildFile; fileRef = 685AC78D29B5FFB100862F19 /* AppDelegate.swift */; };
		685AC79029B5FFB100862F19 /* SceneDelegate.swift in Sources */ = {isa = PBXBuildFile; fileRef = 685AC78F29B5FFB100862F19 /* SceneDelegate.swift */; };
		685AC79229B5FFB100862F19 /* ViewController.swift in Sources */ = {isa = PBXBuildFile; fileRef = 685AC79129B5FFB100862F19 /* ViewController.swift */; };
		685AC79529B5FFB100862F19 /* Main.storyboard in Resources */ = {isa = PBXBuildFile; fileRef = 685AC79329B5FFB100862F19 /* Main.storyboard */; };
		685AC79729B5FFB200862F19 /* Assets.xcassets in Resources */ = {isa = PBXBuildFile; fileRef = 685AC79629B5FFB200862F19 /* Assets.xcassets */; };
		685AC79A29B5FFB200862F19 /* LaunchScreen.storyboard in Resources */ = {isa = PBXBuildFile; fileRef = 685AC79829B5FFB200862F19 /* LaunchScreen.storyboard */; };
		685AC7A529B5FFB200862F19 /* TDDTests.swift in Sources */ = {isa = PBXBuildFile; fileRef = 685AC7A429B5FFB200862F19 /* TDDTests.swift */; };
		685AC7C029B6013500862F19 /* Greeter.swift in Sources */ = {isa = PBXBuildFile; fileRef = 685AC7BF29B6013500862F19 /* Greeter.swift */; };
/* End PBXBuildFile section */

/* Begin PBXContainerItemProxy section */
		685AC7A129B5FFB200862F19 /* PBXContainerItemProxy */ = {
			isa = PBXContainerItemProxy;
			containerPortal = 685AC78229B5FFB100862F19 /* Project object */;
			proxyType = 1;
			remoteGlobalIDString = 685AC78929B5FFB100862F19;
			remoteInfo = TDD;
		};
/* End PBXContainerItemProxy section */

/* Begin PBXFileReference section */
		685AC78A29B5FFB100862F19 /* TDD.app */ = {isa = PBXFileReference; explicitFileType = wrapper.application; includeInIndex = 0; path = TDD.app; sourceTree = BUILT_PRODUCTS_DIR; };
		685AC78D29B5FFB100862F19 /* AppDelegate.swift */ = {isa = PBXFileReference; lastKnownFileType = sourcecode.swift; path = AppDelegate.swift; sourceTree = "<group>"; };
		685AC78F29B5FFB100862F19 /* SceneDelegate.swift */ = {isa = PBXFileReference; lastKnownFileType = sourcecode.swift; path = SceneDelegate.swift; sourceTree = "<group>"; };
		685AC79129B5FFB100862F19 /* ViewController.swift */ = {isa = PBXFileReference; lastKnownFileType = sourcecode.swift; path = ViewController.swift; sourceTree = "<group>"; };
		685AC79429B5FFB100862F19 /* Base */ = {isa = PBXFileReference; lastKnownFileType = file.storyboard; name = Base; path = Base.lproj/Main.storyboard; sourceTree = "<group>"; };
		685AC79629B5FFB200862F19 /* Assets.xcassets */ = {isa = PBXFileReference; lastKnownFileType = folder.assetcatalog; path = Assets.xcassets; sourceTree = "<group>"; };
		685AC79929B5FFB200862F19 /* Base */ = {isa = PBXFileReference; lastKnownFileType = file.storyboard; name = Base; path = Base.lproj/LaunchScreen.storyboard; sourceTree = "<group>"; };
		685AC79B29B5FFB200862F19 /* Info.plist */ = {isa = PBXFileReference; lastKnownFileType = text.plist.xml; path = Info.plist; sourceTree = "<group>"; };
		685AC7A029B5FFB200862F19 /* TDDTests.xctest */ = {isa = PBXFileReference; explicitFileType = wrapper.cfbundle; includeInIndex = 0; path = TDDTests.xctest; sourceTree = BUILT_PRODUCTS_DIR; };
		685AC7A429B5FFB200862F19 /* TDDTests.swift */ = {isa = PBXFileReference; lastKnownFileType = sourcecode.swift; path = TDDTests.swift; sourceTree = "<group>"; };
		685AC7BF29B6013500862F19 /* Greeter.swift */ = {isa = PBXFileReference; lastKnownFileType = sourcecode.swift; path = Greeter.swift; sourceTree = "<group>"; };
/* End PBXFileReference section */

/* Begin PBXFrameworksBuildPhase section */
		685AC78729B5FFB100862F19 /* Frameworks */ = {
			isa = PBXFrameworksBuildPhase;
			buildActionMask = 2147483647;
			files = (
			);
			runOnlyForDeploymentPostprocessing = 0;
		};
		685AC79D29B5FFB200862F19 /* Frameworks */ = {
			isa = PBXFrameworksBuildPhase;
			buildActionMask = 2147483647;
			files = (
			);
			runOnlyForDeploymentPostprocessing = 0;
		};
/* End PBXFrameworksBuildPhase section */

/* Begin PBXGroup section */
		685AC78129B5FFB100862F19 = {
			isa = PBXGroup;
			children = (
				685AC78C29B5FFB100862F19 /* TDD */,
				685AC7A329B5FFB200862F19 /* TDDTests */,
				685AC78B29B5FFB100862F19 /* Products */,
			);
			sourceTree = "<group>";
		};
		685AC78B29B5FFB100862F19 /* Products */ = {
			isa = PBXGroup;
			children = (
				685AC78A29B5FFB100862F19 /* TDD.app */,
				685AC7A029B5FFB200862F19 /* TDDTests.xctest */,
			);
			name = Products;
			sourceTree = "<group>";
		};
		685AC78C29B5FFB100862F19 /* TDD */ = {
			isa = PBXGroup;
			children = (
				685AC78D29B5FFB100862F19 /* AppDelegate.swift */,
				685AC78F29B5FFB100862F19 /* SceneDelegate.swift */,
				685AC79129B5FFB100862F19 /* ViewController.swift */,
				685AC7BF29B6013500862F19 /* Greeter.swift */,
				685AC79329B5FFB100862F19 /* Main.storyboard */,
				685AC79629B5FFB200862F19 /* Assets.xcassets */,
				685AC79829B5FFB200862F19 /* LaunchScreen.storyboard */,
				685AC79B29B5FFB200862F19 /* Info.plist */,
			);
			path = TDD;
			sourceTree = "<group>";
		};
		685AC7A329B5FFB200862F19 /* TDDTests */ = {
			isa = PBXGroup;
			children = (
				685AC7A429B5FFB200862F19 /* TDDTests.swift */,
			);
			path = TDDTests;
			sourceTree = "<group>";
		};
/* End PBXGroup section */

/* Begin PBXNativeTarget section */
		685AC78929B5FFB100862F19 /* TDD */ = {
			isa = PBXNativeTarget;
			buildConfigurationList = 685AC7B429B5FFB200862F19 /* Build configuration list for PBXNativeTarget "TDD" */;
			buildPhases = (
				685AC78629B5FFB100862F19 /* Sources */,
				685AC78729B5FFB100862F19 /* Frameworks */,
				685AC78829B5FFB100862F19 /* Resources */,
			);
			buildRules = (
			);
			dependencies = (
			);
			name = TDD;
			productName = TDD;
			productReference = 685AC78A29B5FFB100862F19 /* TDD.app */;
			productType = "com.apple.product-type.application";
		};
		685AC79F29B5FFB200862F19 /* TDDTests */ = {
			isa = PBXNativeTarget;
			buildConfigurationList = 685AC7B729B5FFB200862F19 /* Build configuration list for PBXNativeTarget "TDDTests" */;
			buildPhases = (
				685AC79C29B5FFB200862F19 /* Sources */,
				685AC79D29B5FFB200862F19 /* Frameworks */,
				685AC79E29B5FFB200862F19 /* Resources */,
			);
			buildRules = (
			);
			dependencies = (
				685AC7A229B5FFB200862F19 /* PBXTargetDependency */,
			);
			name = TDDTests;
			productName = TDDTests;
			productReference = 685AC7A029B5FFB200862F19 /* TDDTests.xctest */;
			productType = "com.apple.product-type.bundle.unit-test";
		};
/* End PBXNativeTarget section */

/* Begin PBXProject section */
		685AC78229B5FFB100862F19 /* Project object */ = {
			isa = PBXProject;
			attributes = {
				BuildIndependentTargetsInParallel = 1;
				LastSwiftUpdateCheck = 1400;
				LastUpgradeCheck = 1400;
				TargetAttributes = {
					685AC78929B5FFB100862F19 = {
						CreatedOnToolsVersion = 14.0.1;
					};
					685AC79F29B5FFB200862F19 = {
						CreatedOnToolsVersion = 14.0.1;
						TestTargetID = 685AC78929B5FFB100862F19;
					};
				};
			};
			buildConfigurationList = 685AC78529B5FFB100862F19 /* Build configuration list for PBXProject "TDD" */;
			compatibilityVersion = "Xcode 14.0";
			developmentRegion = en;
			hasScannedForEncodings = 0;
			knownRegions = (
				en,
				Base,
			);
			mainGroup = 685AC78129B5FFB100862F19;
			productRefGroup = 685AC78B29B5FFB100862F19 /* Products */;
			projectDirPath = "";
			projectRoot = "";
			targets = (
				685AC78929B5FFB100862F19 /* TDD */,
				685AC79F29B5FFB200862F19 /* TDDTests */,
			);
		};
/* End PBXProject section */

/* Begin PBXResourcesBuildPhase section */
		685AC78829B5FFB100862F19 /* Resources */ = {
			isa = PBXResourcesBuildPhase;
			buildActionMask = 2147483647;
			files = (
				685AC79A29B5FFB200862F19 /* LaunchScreen.storyboard in Resources */,
				685AC79729B5FFB200862F19 /* Assets.xcassets in Resources */,
				685AC79529B5FFB100862F19 /* Main.storyboard in Resources */,
			);
			runOnlyForDeploymentPostprocessing = 0;
		};
		685AC79E29B5FFB200862F19 /* Resources */ = {
			isa = PBXResourcesBuildPhase;
			buildActionMask = 2147483647;
			files = (
			);
			runOnlyForDeploymentPostprocessing = 0;
		};
/* End PBXResourcesBuildPhase section */

/* Begin PBXSourcesBuildPhase section */
		685AC78629B5FFB100862F19 /* Sources */ = {
			isa = PBXSourcesBuildPhase;
			buildActionMask = 2147483647;
			files = (
				685AC79229B5FFB100862F19 /* ViewController.swift in Sources */,
				685AC78E29B5FFB100862F19 /* AppDelegate.swift in Sources */,
				685AC7C029B6013500862F19 /* Greeter.swift in Sources */,
				685AC79029B5FFB100862F19 /* SceneDelegate.swift in Sources */,
			);
			runOnlyForDeploymentPostprocessing = 0;
		};
		685AC79C29B5FFB200862F19 /* Sources */ = {
			isa = PBXSourcesBuildPhase;
			buildActionMask = 2147483647;
			files = (
				685AC7A529B5FFB200862F19 /* TDDTests.swift in Sources */,
			);
			runOnlyForDeploymentPostprocessing = 0;
		};
/* End PBXSourcesBuildPhase section */

/* Begin PBXTargetDependency section */
		685AC7A229B5FFB200862F19 /* PBXTargetDependency */ = {
			isa = PBXTargetDependency;
			target = 685AC78929B5FFB100862F19 /* TDD */;
			targetProxy = 685AC7A129B5FFB200862F19 /* PBXContainerItemProxy */;
		};
/* End PBXTargetDependency section */

/* Begin PBXVariantGroup section */
		685AC79329B5FFB100862F19 /* Main.storyboard */ = {
			isa = PBXVariantGroup;
			children = (
				685AC79429B5FFB100862F19 /* Base */,
			);
			name = Main.storyboard;
			sourceTree = "<group>";
		};
		685AC79829B5FFB200862F19 /* LaunchScreen.storyboard */ = {
			isa = PBXVariantGroup;
			children = (
				685AC79929B5FFB200862F19 /* Base */,
			);
			name = LaunchScreen.storyboard;
			sourceTree = "<group>";
		};
/* End PBXVariantGroup section */

/* Begin XCBuildConfiguration section */
		685AC7B229B5FFB200862F19 /* Debug */ = {
			isa = XCBuildConfiguration;
			buildSettings = {
				ALWAYS_SEARCH_USER_PATHS = NO;
				CLANG_ANALYZER_NONNULL = YES;
				CLANG_ANALYZER_NUMBER_OBJECT_CONVERSION = YES_AGGRESSIVE;
				CLANG_CXX_LANGUAGE_STANDARD = "gnu++20";
				CLANG_ENABLE_MODULES = YES;
				CLANG_ENABLE_OBJC_ARC = YES;
				CLANG_ENABLE_OBJC_WEAK = YES;
				CLANG_WARN_BLOCK_CAPTURE_AUTORELEASING = YES;
				CLANG_WARN_BOOL_CONVERSION = YES;
				CLANG_WARN_COMMA = YES;
				CLANG_WARN_CONSTANT_CONVERSION = YES;
				CLANG_WARN_DEPRECATED_OBJC_IMPLEMENTATIONS = YES;
				CLANG_WARN_DIRECT_OBJC_ISA_USAGE = YES_ERROR;
				CLANG_WARN_DOCUMENTATION_COMMENTS = YES;
				CLANG_WARN_EMPTY_BODY = YES;
				CLANG_WARN_ENUM_CONVERSION = YES;
				CLANG_WARN_INFINITE_RECURSION = YES;
				CLANG_WARN_INT_CONVERSION = YES;
				CLANG_WARN_NON_LITERAL_NULL_CONVERSION = YES;
				CLANG_WARN_OBJC_IMPLICIT_RETAIN_SELF = YES;
				CLANG_WARN_OBJC_LITERAL_CONVERSION = YES;
				CLANG_WARN_OBJC_ROOT_CLASS = YES_ERROR;
				CLANG_WARN_QUOTED_INCLUDE_IN_FRAMEWORK_HEADER = YES;
				CLANG_WARN_RANGE_LOOP_ANALYSIS = YES;
				CLANG_WARN_STRICT_PROTOTYPES = YES;
				CLANG_WARN_SUSPICIOUS_MOVE = YES;
				CLANG_WARN_UNGUARDED_AVAILABILITY = YES_AGGRESSIVE;
				CLANG_WARN_UNREACHABLE_CODE = YES;
				CLANG_WARN__DUPLICATE_METHOD_MATCH = YES;
				COPY_PHASE_STRIP = NO;
				DEBUG_INFORMATION_FORMAT = dwarf;
				ENABLE_STRICT_OBJC_MSGSEND = YES;
				ENABLE_TESTABILITY = YES;
				GCC_C_LANGUAGE_STANDARD = gnu11;
				GCC_DYNAMIC_NO_PIC = NO;
				GCC_NO_COMMON_BLOCKS = YES;
				GCC_OPTIMIZATION_LEVEL = 0;
				GCC_PREPROCESSOR_DEFINITIONS = (
					"DEBUG=1",
					"$(inherited)",
				);
				GCC_WARN_64_TO_32_BIT_CONVERSION = YES;
				GCC_WARN_ABOUT_RETURN_TYPE = YES_ERROR;
				GCC_WARN_UNDECLARED_SELECTOR = YES;
				GCC_WARN_UNINITIALIZED_AUTOS = YES_AGGRESSIVE;
				GCC_WARN_UNUSED_FUNCTION = YES;
				GCC_WARN_UNUSED_VARIABLE = YES;
				IPHONEOS_DEPLOYMENT_TARGET = 16.0;
				MTL_ENABLE_DEBUG_INFO = INCLUDE_SOURCE;
				MTL_FAST_MATH = YES;
				ONLY_ACTIVE_ARCH = YES;
				SDKROOT = iphoneos;
				SWIFT_ACTIVE_COMPILATION_CONDITIONS = DEBUG;
				SWIFT_OPTIMIZATION_LEVEL = "-Onone";
			};
			name = Debug;
		};
		685AC7B329B5FFB200862F19 /* Release */ = {
			isa = XCBuildConfiguration;
			buildSettings = {
				ALWAYS_SEARCH_USER_PATHS = NO;
				CLANG_ANALYZER_NONNULL = YES;
				CLANG_ANALYZER_NUMBER_OBJECT_CONVERSION = YES_AGGRESSIVE;
				CLANG_CXX_LANGUAGE_STANDARD = "gnu++20";
				CLANG_ENABLE_MODULES = YES;
				CLANG_ENABLE_OBJC_ARC = YES;
				CLANG_ENABLE_OBJC_WEAK = YES;
				CLANG_WARN_BLOCK_CAPTURE_AUTORELEASING = YES;
				CLANG_WARN_BOOL_CONVERSION = YES;
				CLANG_WARN_COMMA = YES;
				CLANG_WARN_CONSTANT_CONVERSION = YES;
				CLANG_WARN_DEPRECATED_OBJC_IMPLEMENTATIONS = YES;
				CLANG_WARN_DIRECT_OBJC_ISA_USAGE = YES_ERROR;
				CLANG_WARN_DOCUMENTATION_COMMENTS = YES;
				CLANG_WARN_EMPTY_BODY = YES;
				CLANG_WARN_ENUM_CONVERSION = YES;
				CLANG_WARN_INFINITE_RECURSION = YES;
				CLANG_WARN_INT_CONVERSION = YES;
				CLANG_WARN_NON_LITERAL_NULL_CONVERSION = YES;
				CLANG_WARN_OBJC_IMPLICIT_RETAIN_SELF = YES;
				CLANG_WARN_OBJC_LITERAL_CONVERSION = YES;
				CLANG_WARN_OBJC_ROOT_CLASS = YES_ERROR;
				CLANG_WARN_QUOTED_INCLUDE_IN_FRAMEWORK_HEADER = YES;
				CLANG_WARN_RANGE_LOOP_ANALYSIS = YES;
				CLANG_WARN_STRICT_PROTOTYPES = YES;
				CLANG_WARN_SUSPICIOUS_MOVE = YES;
				CLANG_WARN_UNGUARDED_AVAILABILITY = YES_AGGRESSIVE;
				CLANG_WARN_UNREACHABLE_CODE = YES;
				CLANG_WARN__DUPLICATE_METHOD_MATCH = YES;
				COPY_PHASE_STRIP = NO;
				DEBUG_INFORMATION_FORMAT = "dwarf-with-dsym";
				ENABLE_NS_ASSERTIONS = NO;
				ENABLE_STRICT_OBJC_MSGSEND = YES;
				GCC_C_LANGUAGE_STANDARD = gnu11;
				GCC_NO_COMMON_BLOCKS = YES;
				GCC_WARN_64_TO_32_BIT_CONVERSION = YES;
				GCC_WARN_ABOUT_RETURN_TYPE = YES_ERROR;
				GCC_WARN_UNDECLARED_SELECTOR = YES;
				GCC_WARN_UNINITIALIZED_AUTOS = YES_AGGRESSIVE;
				GCC_WARN_UNUSED_FUNCTION = YES;
				GCC_WARN_UNUSED_VARIABLE = YES;
				IPHONEOS_DEPLOYMENT_TARGET = 16.0;
				MTL_ENABLE_DEBUG_INFO = NO;
				MTL_FAST_MATH = YES;
				SDKROOT = iphoneos;
				SWIFT_COMPILATION_MODE = wholemodule;
				SWIFT_OPTIMIZATION_LEVEL = "-O";
				VALIDATE_PRODUCT = YES;
			};
			name = Release;
		};
		685AC7B529B5FFB200862F19 /* Debug */ = {
			isa = XCBuildConfiguration;
			buildSettings = {
				ASSETCATALOG_COMPILER_APPICON_NAME = AppIcon;
				ASSETCATALOG_COMPILER_GLOBAL_ACCENT_COLOR_NAME = AccentColor;
				CODE_SIGN_STYLE = Automatic;
				CURRENT_PROJECT_VERSION = 1;
				DEVELOPMENT_TEAM = X2WF6FR3RY;
				GENERATE_INFOPLIST_FILE = YES;
				INFOPLIST_FILE = TDD/Info.plist;
				INFOPLIST_KEY_UIApplicationSupportsIndirectInputEvents = YES;
				INFOPLIST_KEY_UILaunchStoryboardName = LaunchScreen;
				INFOPLIST_KEY_UIMainStoryboardFile = Main;
				INFOPLIST_KEY_UISupportedInterfaceOrientations_iPad = "UIInterfaceOrientationPortrait UIInterfaceOrientationPortraitUpsideDown UIInterfaceOrientationLandscapeLeft UIInterfaceOrientationLandscapeRight";
				INFOPLIST_KEY_UISupportedInterfaceOrientations_iPhone = "UIInterfaceOrientationPortrait UIInterfaceOrientationLandscapeLeft UIInterfaceOrientationLandscapeRight";
				LD_RUNPATH_SEARCH_PATHS = (
					"$(inherited)",
					"@executable_path/Frameworks",
				);
				MARKETING_VERSION = 1.0;
				PRODUCT_BUNDLE_IDENTIFIER = ann.beckwon.TDD;
				PRODUCT_NAME = "$(TARGET_NAME)";
				SWIFT_EMIT_LOC_STRINGS = YES;
				SWIFT_VERSION = 5.0;
				TARGETED_DEVICE_FAMILY = "1,2";
			};
			name = Debug;
		};
		685AC7B629B5FFB200862F19 /* Release */ = {
			isa = XCBuildConfiguration;
			buildSettings = {
				ASSETCATALOG_COMPILER_APPICON_NAME = AppIcon;
				ASSETCATALOG_COMPILER_GLOBAL_ACCENT_COLOR_NAME = AccentColor;
				CODE_SIGN_STYLE = Automatic;
				CURRENT_PROJECT_VERSION = 1;
				DEVELOPMENT_TEAM = X2WF6FR3RY;
				GENERATE_INFOPLIST_FILE = YES;
				INFOPLIST_FILE = TDD/Info.plist;
				INFOPLIST_KEY_UIApplicationSupportsIndirectInputEvents = YES;
				INFOPLIST_KEY_UILaunchStoryboardName = LaunchScreen;
				INFOPLIST_KEY_UIMainStoryboardFile = Main;
				INFOPLIST_KEY_UISupportedInterfaceOrientations_iPad = "UIInterfaceOrientationPortrait UIInterfaceOrientationPortraitUpsideDown UIInterfaceOrientationLandscapeLeft UIInterfaceOrientationLandscapeRight";
				INFOPLIST_KEY_UISupportedInterfaceOrientations_iPhone = "UIInterfaceOrientationPortrait UIInterfaceOrientationLandscapeLeft UIInterfaceOrientationLandscapeRight";
				LD_RUNPATH_SEARCH_PATHS = (
					"$(inherited)",
					"@executable_path/Frameworks",
				);
				MARKETING_VERSION = 1.0;
				PRODUCT_BUNDLE_IDENTIFIER = ann.beckwon.TDD;
				PRODUCT_NAME = "$(TARGET_NAME)";
				SWIFT_EMIT_LOC_STRINGS = YES;
				SWIFT_VERSION = 5.0;
				TARGETED_DEVICE_FAMILY = "1,2";
			};
			name = Release;
		};
		685AC7B829B5FFB200862F19 /* Debug */ = {
			isa = XCBuildConfiguration;
			buildSettings = {
				ALWAYS_EMBED_SWIFT_STANDARD_LIBRARIES = YES;
				BUNDLE_LOADER = "$(TEST_HOST)";
				CODE_SIGN_STYLE = Automatic;
				CURRENT_PROJECT_VERSION = 1;
				DEVELOPMENT_TEAM = X2WF6FR3RY;
				GENERATE_INFOPLIST_FILE = YES;
				IPHONEOS_DEPLOYMENT_TARGET = 16.0;
				MARKETING_VERSION = 1.0;
				PRODUCT_BUNDLE_IDENTIFIER = ann.beckwon.TDDTests;
				PRODUCT_NAME = "$(TARGET_NAME)";
				SWIFT_EMIT_LOC_STRINGS = NO;
				SWIFT_VERSION = 5.0;
				TARGETED_DEVICE_FAMILY = "1,2";
				TEST_HOST = "$(BUILT_PRODUCTS_DIR)/TDD.app/$(BUNDLE_EXECUTABLE_FOLDER_PATH)/TDD";
			};
			name = Debug;
		};
		685AC7B929B5FFB200862F19 /* Release */ = {
			isa = XCBuildConfiguration;
			buildSettings = {
				ALWAYS_EMBED_SWIFT_STANDARD_LIBRARIES = YES;
				BUNDLE_LOADER = "$(TEST_HOST)";
				CODE_SIGN_STYLE = Automatic;
				CURRENT_PROJECT_VERSION = 1;
				DEVELOPMENT_TEAM = X2WF6FR3RY;
				GENERATE_INFOPLIST_FILE = YES;
				IPHONEOS_DEPLOYMENT_TARGET = 16.0;
				MARKETING_VERSION = 1.0;
				PRODUCT_BUNDLE_IDENTIFIER = ann.beckwon.TDDTests;
				PRODUCT_NAME = "$(TARGET_NAME)";
				SWIFT_EMIT_LOC_STRINGS = NO;
				SWIFT_VERSION = 5.0;
				TARGETED_DEVICE_FAMILY = "1,2";
				TEST_HOST = "$(BUILT_PRODUCTS_DIR)/TDD.app/$(BUNDLE_EXECUTABLE_FOLDER_PATH)/TDD";
			};
			name = Release;
		};
/* End XCBuildConfiguration section */

/* Begin XCConfigurationList section */
		685AC78529B5FFB100862F19 /* Build configuration list for PBXProject "TDD" */ = {
			isa = XCConfigurationList;
			buildConfigurations = (
				685AC7B229B5FFB200862F19 /* Debug */,
				685AC7B329B5FFB200862F19 /* Release */,
			);
			defaultConfigurationIsVisible = 0;
			defaultConfigurationName = Release;
		};
		685AC7B429B5FFB200862F19 /* Build configuration list for PBXNativeTarget "TDD" */ = {
			isa = XCConfigurationList;
			buildConfigurations = (
				685AC7B529B5FFB200862F19 /* Debug */,
				685AC7B629B5FFB200862F19 /* Release */,
			);
			defaultConfigurationIsVisible = 0;
			defaultConfigurationName = Release;
		};
		685AC7B729B5FFB200862F19 /* Build configuration list for PBXNativeTarget "TDDTests" */ = {
			isa = XCConfigurationList;
			buildConfigurations = (
				685AC7B829B5FFB200862F19 /* Debug */,
				685AC7B929B5FFB200862F19 /* Release */,
			);
			defaultConfigurationIsVisible = 0;
			defaultConfigurationName = Release;
		};
/* End XCConfigurationList section */
	};
	rootObject = 685AC78229B5FFB100862F19 /* Project object */;
}
