// !$*UTF8*$!
{
	archiveVersion = 1;
	classes = {
	};
	objectVersion = 56;
	objects = {

/* Begin PBXBuildFile section */
		68347EC1299258E900032ED8 /* AppDelegate.swift in Sources */ = {isa = PBXBuildFile; fileRef = 68347EC0299258E900032ED8 /* AppDelegate.swift */; };
		68347EC3299258E900032ED8 /* SceneDelegate.swift in Sources */ = {isa = PBXBuildFile; fileRef = 68347EC2299258E900032ED8 /* SceneDelegate.swift */; };
		68347EC5299258E900032ED8 /* ViewController.swift in Sources */ = {isa = PBXBuildFile; fileRef = 68347EC4299258E900032ED8 /* ViewController.swift */; };
		68347EC8299258E900032ED8 /* Main.storyboard in Resources */ = {isa = PBXBuildFile; fileRef = 68347EC6299258E900032ED8 /* Main.storyboard */; };
		68347ECA299258EA00032ED8 /* Assets.xcassets in Resources */ = {isa = PBXBuildFile; fileRef = 68347EC9299258EA00032ED8 /* Assets.xcassets */; };
		68347ECD299258EA00032ED8 /* LaunchScreen.storyboard in Resources */ = {isa = PBXBuildFile; fileRef = 68347ECB299258EA00032ED8 /* LaunchScreen.storyboard */; };
		68347ED8299258EB00032ED8 /* HardDependenciesTests.swift in Sources */ = {isa = PBXBuildFile; fileRef = 68347ED7299258EB00032ED8 /* HardDependenciesTests.swift */; };
		68347EE2299258EB00032ED8 /* HardDependenciesUITests.swift in Sources */ = {isa = PBXBuildFile; fileRef = 68347EE1299258EB00032ED8 /* HardDependenciesUITests.swift */; };
		68347EE4299258EB00032ED8 /* HardDependenciesUITestsLaunchTests.swift in Sources */ = {isa = PBXBuildFile; fileRef = 68347EE3299258EB00032ED8 /* HardDependenciesUITestsLaunchTests.swift */; };
		68347EF1299258F900032ED8 /* Analytics.swift in Sources */ = {isa = PBXBuildFile; fileRef = 68347EF0299258F900032ED8 /* Analytics.swift */; };
		68347EF32992596E00032ED8 /* MySingletonAnalytics.swift in Sources */ = {isa = PBXBuildFile; fileRef = 68347EF22992596E00032ED8 /* MySingletonAnalytics.swift */; };
		68347EF529925A2E00032ED8 /* InstancePropertyViewController.swift in Sources */ = {isa = PBXBuildFile; fileRef = 68347EF429925A2E00032ED8 /* InstancePropertyViewController.swift */; };
		68347EF729925A3F00032ED8 /* ClosurePropertyViewController.swift in Sources */ = {isa = PBXBuildFile; fileRef = 68347EF629925A3F00032ED8 /* ClosurePropertyViewController.swift */; };
		68347EF929925A6300032ED8 /* MySingletonViewController.swift in Sources */ = {isa = PBXBuildFile; fileRef = 68347EF829925A6300032ED8 /* MySingletonViewController.swift */; };
		68347EFE29925ADD00032ED8 /* OverrideViewController.swift in Sources */ = {isa = PBXBuildFile; fileRef = 68347EFC29925ADD00032ED8 /* OverrideViewController.swift */; };
		68347EFF29925ADD00032ED8 /* OverrideViewController.xib in Resources */ = {isa = PBXBuildFile; fileRef = 68347EFD29925ADD00032ED8 /* OverrideViewController.xib */; };
		68347F0129925C3500032ED8 /* MySingletonViewControllerTests.swift in Sources */ = {isa = PBXBuildFile; fileRef = 68347F0029925C3500032ED8 /* MySingletonViewControllerTests.swift */; };
		68347F0329925D4100032ED8 /* OverrideViewControllerTests.swift in Sources */ = {isa = PBXBuildFile; fileRef = 68347F0229925D4100032ED8 /* OverrideViewControllerTests.swift */; };
		68E1B4D3299A55530056A6C4 /* InstancePropertyViewControllerTests.swift in Sources */ = {isa = PBXBuildFile; fileRef = 68E1B4D2299A55530056A6C4 /* InstancePropertyViewControllerTests.swift */; };
		68E1B4D5299A56E90056A6C4 /* ClosurePropertyViewControllerTests.swift in Sources */ = {isa = PBXBuildFile; fileRef = 68E1B4D4299A56E90056A6C4 /* ClosurePropertyViewControllerTests.swift */; };
/* End PBXBuildFile section */

/* Begin PBXContainerItemProxy section */
		68347ED4299258EB00032ED8 /* PBXContainerItemProxy */ = {
			isa = PBXContainerItemProxy;
			containerPortal = 68347EB5299258E900032ED8 /* Project object */;
			proxyType = 1;
			remoteGlobalIDString = 68347EBC299258E900032ED8;
			remoteInfo = HardDependencies;
		};
		68347EDE299258EB00032ED8 /* PBXContainerItemProxy */ = {
			isa = PBXContainerItemProxy;
			containerPortal = 68347EB5299258E900032ED8 /* Project object */;
			proxyType = 1;
			remoteGlobalIDString = 68347EBC299258E900032ED8;
			remoteInfo = HardDependencies;
		};
/* End PBXContainerItemProxy section */

/* Begin PBXFileReference section */
		68347EBD299258E900032ED8 /* HardDependencies.app */ = {isa = PBXFileReference; explicitFileType = wrapper.application; includeInIndex = 0; path = HardDependencies.app; sourceTree = BUILT_PRODUCTS_DIR; };
		68347EC0299258E900032ED8 /* AppDelegate.swift */ = {isa = PBXFileReference; lastKnownFileType = sourcecode.swift; path = AppDelegate.swift; sourceTree = "<group>"; };
		68347EC2299258E900032ED8 /* SceneDelegate.swift */ = {isa = PBXFileReference; lastKnownFileType = sourcecode.swift; path = SceneDelegate.swift; sourceTree = "<group>"; };
		68347EC4299258E900032ED8 /* ViewController.swift */ = {isa = PBXFileReference; lastKnownFileType = sourcecode.swift; path = ViewController.swift; sourceTree = "<group>"; };
		68347EC7299258E900032ED8 /* Base */ = {isa = PBXFileReference; lastKnownFileType = file.storyboard; name = Base; path = Base.lproj/Main.storyboard; sourceTree = "<group>"; };
		68347EC9299258EA00032ED8 /* Assets.xcassets */ = {isa = PBXFileReference; lastKnownFileType = folder.assetcatalog; path = Assets.xcassets; sourceTree = "<group>"; };
		68347ECC299258EA00032ED8 /* Base */ = {isa = PBXFileReference; lastKnownFileType = file.storyboard; name = Base; path = Base.lproj/LaunchScreen.storyboard; sourceTree = "<group>"; };
		68347ECE299258EA00032ED8 /* Info.plist */ = {isa = PBXFileReference; lastKnownFileType = text.plist.xml; path = Info.plist; sourceTree = "<group>"; };
		68347ED3299258EB00032ED8 /* HardDependenciesTests.xctest */ = {isa = PBXFileReference; explicitFileType = wrapper.cfbundle; includeInIndex = 0; path = HardDependenciesTests.xctest; sourceTree = BUILT_PRODUCTS_DIR; };
		68347ED7299258EB00032ED8 /* HardDependenciesTests.swift */ = {isa = PBXFileReference; lastKnownFileType = sourcecode.swift; path = HardDependenciesTests.swift; sourceTree = "<group>"; };
		68347EDD299258EB00032ED8 /* HardDependenciesUITests.xctest */ = {isa = PBXFileReference; explicitFileType = wrapper.cfbundle; includeInIndex = 0; path = HardDependenciesUITests.xctest; sourceTree = BUILT_PRODUCTS_DIR; };
		68347EE1299258EB00032ED8 /* HardDependenciesUITests.swift */ = {isa = PBXFileReference; lastKnownFileType = sourcecode.swift; path = HardDependenciesUITests.swift; sourceTree = "<group>"; };
		68347EE3299258EB00032ED8 /* HardDependenciesUITestsLaunchTests.swift */ = {isa = PBXFileReference; lastKnownFileType = sourcecode.swift; path = HardDependenciesUITestsLaunchTests.swift; sourceTree = "<group>"; };
		68347EF0299258F900032ED8 /* Analytics.swift */ = {isa = PBXFileReference; lastKnownFileType = sourcecode.swift; path = Analytics.swift; sourceTree = "<group>"; };
		68347EF22992596E00032ED8 /* MySingletonAnalytics.swift */ = {isa = PBXFileReference; lastKnownFileType = sourcecode.swift; path = MySingletonAnalytics.swift; sourceTree = "<group>"; };
		68347EF429925A2E00032ED8 /* InstancePropertyViewController.swift */ = {isa = PBXFileReference; lastKnownFileType = sourcecode.swift; path = InstancePropertyViewController.swift; sourceTree = "<group>"; };
		68347EF629925A3F00032ED8 /* ClosurePropertyViewController.swift */ = {isa = PBXFileReference; lastKnownFileType = sourcecode.swift; path = ClosurePropertyViewController.swift; sourceTree = "<group>"; };
		68347EF829925A6300032ED8 /* MySingletonViewController.swift */ = {isa = PBXFileReference; lastKnownFileType = sourcecode.swift; path = MySingletonViewController.swift; sourceTree = "<group>"; };
		68347EFC29925ADD00032ED8 /* OverrideViewController.swift */ = {isa = PBXFileReference; lastKnownFileType = sourcecode.swift; path = OverrideViewController.swift; sourceTree = "<group>"; };
		68347EFD29925ADD00032ED8 /* OverrideViewController.xib */ = {isa = PBXFileReference; lastKnownFileType = file.xib; path = OverrideViewController.xib; sourceTree = "<group>"; };
		68347F0029925C3500032ED8 /* MySingletonViewControllerTests.swift */ = {isa = PBXFileReference; lastKnownFileType = sourcecode.swift; path = MySingletonViewControllerTests.swift; sourceTree = "<group>"; };
		68347F0229925D4100032ED8 /* OverrideViewControllerTests.swift */ = {isa = PBXFileReference; lastKnownFileType = sourcecode.swift; path = OverrideViewControllerTests.swift; sourceTree = "<group>"; };
		68E1B4D2299A55530056A6C4 /* InstancePropertyViewControllerTests.swift */ = {isa = PBXFileReference; lastKnownFileType = sourcecode.swift; path = InstancePropertyViewControllerTests.swift; sourceTree = "<group>"; };
		68E1B4D4299A56E90056A6C4 /* ClosurePropertyViewControllerTests.swift */ = {isa = PBXFileReference; lastKnownFileType = sourcecode.swift; path = ClosurePropertyViewControllerTests.swift; sourceTree = "<group>"; };
/* End PBXFileReference section */

/* Begin PBXFrameworksBuildPhase section */
		68347EBA299258E900032ED8 /* Frameworks */ = {
			isa = PBXFrameworksBuildPhase;
			buildActionMask = 2147483647;
			files = (
			);
			runOnlyForDeploymentPostprocessing = 0;
		};
		68347ED0299258EB00032ED8 /* Frameworks */ = {
			isa = PBXFrameworksBuildPhase;
			buildActionMask = 2147483647;
			files = (
			);
			runOnlyForDeploymentPostprocessing = 0;
		};
		68347EDA299258EB00032ED8 /* Frameworks */ = {
			isa = PBXFrameworksBuildPhase;
			buildActionMask = 2147483647;
			files = (
			);
			runOnlyForDeploymentPostprocessing = 0;
		};
/* End PBXFrameworksBuildPhase section */

/* Begin PBXGroup section */
		68347EB4299258E900032ED8 = {
			isa = PBXGroup;
			children = (
				68347EBF299258E900032ED8 /* HardDependencies */,
				68347ED6299258EB00032ED8 /* HardDependenciesTests */,
				68347EE0299258EB00032ED8 /* HardDependenciesUITests */,
				68347EBE299258E900032ED8 /* Products */,
			);
			sourceTree = "<group>";
		};
		68347EBE299258E900032ED8 /* Products */ = {
			isa = PBXGroup;
			children = (
				68347EBD299258E900032ED8 /* HardDependencies.app */,
				68347ED3299258EB00032ED8 /* HardDependenciesTests.xctest */,
				68347EDD299258EB00032ED8 /* HardDependenciesUITests.xctest */,
			);
			name = Products;
			sourceTree = "<group>";
		};
		68347EBF299258E900032ED8 /* HardDependencies */ = {
			isa = PBXGroup;
			children = (
				68347EC0299258E900032ED8 /* AppDelegate.swift */,
				68347EC2299258E900032ED8 /* SceneDelegate.swift */,
				68347EC4299258E900032ED8 /* ViewController.swift */,
				68347EFB29925A6D00032ED8 /* Singleton */,
				68347EFA29925A6600032ED8 /* Controller */,
				68347EC6299258E900032ED8 /* Main.storyboard */,
				68347EC9299258EA00032ED8 /* Assets.xcassets */,
				68347ECB299258EA00032ED8 /* LaunchScreen.storyboard */,
				68347ECE299258EA00032ED8 /* Info.plist */,
			);
			path = HardDependencies;
			sourceTree = "<group>";
		};
		68347ED6299258EB00032ED8 /* HardDependenciesTests */ = {
			isa = PBXGroup;
			children = (
				68347ED7299258EB00032ED8 /* HardDependenciesTests.swift */,
				68347F0029925C3500032ED8 /* MySingletonViewControllerTests.swift */,
				68347F0229925D4100032ED8 /* OverrideViewControllerTests.swift */,
				68E1B4D2299A55530056A6C4 /* InstancePropertyViewControllerTests.swift */,
				68E1B4D4299A56E90056A6C4 /* ClosurePropertyViewControllerTests.swift */,
			);
			path = HardDependenciesTests;
			sourceTree = "<group>";
		};
		68347EE0299258EB00032ED8 /* HardDependenciesUITests */ = {
			isa = PBXGroup;
			children = (
				68347EE1299258EB00032ED8 /* HardDependenciesUITests.swift */,
				68347EE3299258EB00032ED8 /* HardDependenciesUITestsLaunchTests.swift */,
			);
			path = HardDependenciesUITests;
			sourceTree = "<group>";
		};
		68347EFA29925A6600032ED8 /* Controller */ = {
			isa = PBXGroup;
			children = (
				68347EF429925A2E00032ED8 /* InstancePropertyViewController.swift */,
				68347EF629925A3F00032ED8 /* ClosurePropertyViewController.swift */,
				68347EF829925A6300032ED8 /* MySingletonViewController.swift */,
				68347EFC29925ADD00032ED8 /* OverrideViewController.swift */,
				68347EFD29925ADD00032ED8 /* OverrideViewController.xib */,
			);
			path = Controller;
			sourceTree = "<group>";
		};
		68347EFB29925A6D00032ED8 /* Singleton */ = {
			isa = PBXGroup;
			children = (
				68347EF0299258F900032ED8 /* Analytics.swift */,
				68347EF22992596E00032ED8 /* MySingletonAnalytics.swift */,
			);
			path = Singleton;
			sourceTree = "<group>";
		};
/* End PBXGroup section */

/* Begin PBXNativeTarget section */
		68347EBC299258E900032ED8 /* HardDependencies */ = {
			isa = PBXNativeTarget;
			buildConfigurationList = 68347EE7299258EB00032ED8 /* Build configuration list for PBXNativeTarget "HardDependencies" */;
			buildPhases = (
				68347EB9299258E900032ED8 /* Sources */,
				68347EBA299258E900032ED8 /* Frameworks */,
				68347EBB299258E900032ED8 /* Resources */,
			);
			buildRules = (
			);
			dependencies = (
			);
			name = HardDependencies;
			productName = HardDependencies;
			productReference = 68347EBD299258E900032ED8 /* HardDependencies.app */;
			productType = "com.apple.product-type.application";
		};
		68347ED2299258EB00032ED8 /* HardDependenciesTests */ = {
			isa = PBXNativeTarget;
			buildConfigurationList = 68347EEA299258EB00032ED8 /* Build configuration list for PBXNativeTarget "HardDependenciesTests" */;
			buildPhases = (
				68347ECF299258EB00032ED8 /* Sources */,
				68347ED0299258EB00032ED8 /* Frameworks */,
				68347ED1299258EB00032ED8 /* Resources */,
			);
			buildRules = (
			);
			dependencies = (
				68347ED5299258EB00032ED8 /* PBXTargetDependency */,
			);
			name = HardDependenciesTests;
			productName = HardDependenciesTests;
			productReference = 68347ED3299258EB00032ED8 /* HardDependenciesTests.xctest */;
			productType = "com.apple.product-type.bundle.unit-test";
		};
		68347EDC299258EB00032ED8 /* HardDependenciesUITests */ = {
			isa = PBXNativeTarget;
			buildConfigurationList = 68347EED299258EB00032ED8 /* Build configuration list for PBXNativeTarget "HardDependenciesUITests" */;
			buildPhases = (
				68347ED9299258EB00032ED8 /* Sources */,
				68347EDA299258EB00032ED8 /* Frameworks */,
				68347EDB299258EB00032ED8 /* Resources */,
			);
			buildRules = (
			);
			dependencies = (
				68347EDF299258EB00032ED8 /* PBXTargetDependency */,
			);
			name = HardDependenciesUITests;
			productName = HardDependenciesUITests;
			productReference = 68347EDD299258EB00032ED8 /* HardDependenciesUITests.xctest */;
			productType = "com.apple.product-type.bundle.ui-testing";
		};
/* End PBXNativeTarget section */

/* Begin PBXProject section */
		68347EB5299258E900032ED8 /* Project object */ = {
			isa = PBXProject;
			attributes = {
				BuildIndependentTargetsInParallel = 1;
				LastSwiftUpdateCheck = 1400;
				LastUpgradeCheck = 1400;
				TargetAttributes = {
					68347EBC299258E900032ED8 = {
						CreatedOnToolsVersion = 14.0.1;
					};
					68347ED2299258EB00032ED8 = {
						CreatedOnToolsVersion = 14.0.1;
						TestTargetID = 68347EBC299258E900032ED8;
					};
					68347EDC299258EB00032ED8 = {
						CreatedOnToolsVersion = 14.0.1;
						TestTargetID = 68347EBC299258E900032ED8;
					};
				};
			};
			buildConfigurationList = 68347EB8299258E900032ED8 /* Build configuration list for PBXProject "HardDependencies" */;
			compatibilityVersion = "Xcode 14.0";
			developmentRegion = en;
			hasScannedForEncodings = 0;
			knownRegions = (
				en,
				Base,
			);
			mainGroup = 68347EB4299258E900032ED8;
			productRefGroup = 68347EBE299258E900032ED8 /* Products */;
			projectDirPath = "";
			projectRoot = "";
			targets = (
				68347EBC299258E900032ED8 /* HardDependencies */,
				68347ED2299258EB00032ED8 /* HardDependenciesTests */,
				68347EDC299258EB00032ED8 /* HardDependenciesUITests */,
			);
		};
/* End PBXProject section */

/* Begin PBXResourcesBuildPhase section */
		68347EBB299258E900032ED8 /* Resources */ = {
			isa = PBXResourcesBuildPhase;
			buildActionMask = 2147483647;
			files = (
				68347ECD299258EA00032ED8 /* LaunchScreen.storyboard in Resources */,
				68347ECA299258EA00032ED8 /* Assets.xcassets in Resources */,
				68347EFF29925ADD00032ED8 /* OverrideViewController.xib in Resources */,
				68347EC8299258E900032ED8 /* Main.storyboard in Resources */,
			);
			runOnlyForDeploymentPostprocessing = 0;
		};
		68347ED1299258EB00032ED8 /* Resources */ = {
			isa = PBXResourcesBuildPhase;
			buildActionMask = 2147483647;
			files = (
			);
			runOnlyForDeploymentPostprocessing = 0;
		};
		68347EDB299258EB00032ED8 /* Resources */ = {
			isa = PBXResourcesBuildPhase;
			buildActionMask = 2147483647;
			files = (
			);
			runOnlyForDeploymentPostprocessing = 0;
		};
/* End PBXResourcesBuildPhase section */

/* Begin PBXSourcesBuildPhase section */
		68347EB9299258E900032ED8 /* Sources */ = {
			isa = PBXSourcesBuildPhase;
			buildActionMask = 2147483647;
			files = (
				68347EFE29925ADD00032ED8 /* OverrideViewController.swift in Sources */,
				68347EC5299258E900032ED8 /* ViewController.swift in Sources */,
				68347EC1299258E900032ED8 /* AppDelegate.swift in Sources */,
				68347EF929925A6300032ED8 /* MySingletonViewController.swift in Sources */,
				68347EF1299258F900032ED8 /* Analytics.swift in Sources */,
				68347EF32992596E00032ED8 /* MySingletonAnalytics.swift in Sources */,
				68347EF529925A2E00032ED8 /* InstancePropertyViewController.swift in Sources */,
				68347EC3299258E900032ED8 /* SceneDelegate.swift in Sources */,
				68347EF729925A3F00032ED8 /* ClosurePropertyViewController.swift in Sources */,
			);
			runOnlyForDeploymentPostprocessing = 0;
		};
		68347ECF299258EB00032ED8 /* Sources */ = {
			isa = PBXSourcesBuildPhase;
			buildActionMask = 2147483647;
			files = (
				68E1B4D3299A55530056A6C4 /* InstancePropertyViewControllerTests.swift in Sources */,
				68347F0129925C3500032ED8 /* MySingletonViewControllerTests.swift in Sources */,
				68347ED8299258EB00032ED8 /* HardDependenciesTests.swift in Sources */,
				68347F0329925D4100032ED8 /* OverrideViewControllerTests.swift in Sources */,
				68E1B4D5299A56E90056A6C4 /* ClosurePropertyViewControllerTests.swift in Sources */,
			);
			runOnlyForDeploymentPostprocessing = 0;
		};
		68347ED9299258EB00032ED8 /* Sources */ = {
			isa = PBXSourcesBuildPhase;
			buildActionMask = 2147483647;
			files = (
				68347EE4299258EB00032ED8 /* HardDependenciesUITestsLaunchTests.swift in Sources */,
				68347EE2299258EB00032ED8 /* HardDependenciesUITests.swift in Sources */,
			);
			runOnlyForDeploymentPostprocessing = 0;
		};
/* End PBXSourcesBuildPhase section */

/* Begin PBXTargetDependency section */
		68347ED5299258EB00032ED8 /* PBXTargetDependency */ = {
			isa = PBXTargetDependency;
			target = 68347EBC299258E900032ED8 /* HardDependencies */;
			targetProxy = 68347ED4299258EB00032ED8 /* PBXContainerItemProxy */;
		};
		68347EDF299258EB00032ED8 /* PBXTargetDependency */ = {
			isa = PBXTargetDependency;
			target = 68347EBC299258E900032ED8 /* HardDependencies */;
			targetProxy = 68347EDE299258EB00032ED8 /* PBXContainerItemProxy */;
		};
/* End PBXTargetDependency section */

/* Begin PBXVariantGroup section */
		68347EC6299258E900032ED8 /* Main.storyboard */ = {
			isa = PBXVariantGroup;
			children = (
				68347EC7299258E900032ED8 /* Base */,
			);
			name = Main.storyboard;
			sourceTree = "<group>";
		};
		68347ECB299258EA00032ED8 /* LaunchScreen.storyboard */ = {
			isa = PBXVariantGroup;
			children = (
				68347ECC299258EA00032ED8 /* Base */,
			);
			name = LaunchScreen.storyboard;
			sourceTree = "<group>";
		};
/* End PBXVariantGroup section */

/* Begin XCBuildConfiguration section */
		68347EE5299258EB00032ED8 /* Debug */ = {
			isa = XCBuildConfiguration;
			buildSettings = {
				ALWAYS_SEARCH_USER_PATHS = NO;
				CLANG_ANALYZER_NONNULL = YES;
				CLANG_ANALYZER_NUMBER_OBJECT_CONVERSION = YES_AGGRESSIVE;
				CLANG_CXX_LANGUAGE_STANDARD = "gnu++20";
				CLANG_ENABLE_MODULES = YES;
				CLANG_ENABLE_OBJC_ARC = YES;
				CLANG_ENABLE_OBJC_WEAK = YES;
				CLANG_WARN_BLOCK_CAPTURE_AUTORELEASING = YES;
				CLANG_WARN_BOOL_CONVERSION = YES;
				CLANG_WARN_COMMA = YES;
				CLANG_WARN_CONSTANT_CONVERSION = YES;
				CLANG_WARN_DEPRECATED_OBJC_IMPLEMENTATIONS = YES;
				CLANG_WARN_DIRECT_OBJC_ISA_USAGE = YES_ERROR;
				CLANG_WARN_DOCUMENTATION_COMMENTS = YES;
				CLANG_WARN_EMPTY_BODY = YES;
				CLANG_WARN_ENUM_CONVERSION = YES;
				CLANG_WARN_INFINITE_RECURSION = YES;
				CLANG_WARN_INT_CONVERSION = YES;
				CLANG_WARN_NON_LITERAL_NULL_CONVERSION = YES;
				CLANG_WARN_OBJC_IMPLICIT_RETAIN_SELF = YES;
				CLANG_WARN_OBJC_LITERAL_CONVERSION = YES;
				CLANG_WARN_OBJC_ROOT_CLASS = YES_ERROR;
				CLANG_WARN_QUOTED_INCLUDE_IN_FRAMEWORK_HEADER = YES;
				CLANG_WARN_RANGE_LOOP_ANALYSIS = YES;
				CLANG_WARN_STRICT_PROTOTYPES = YES;
				CLANG_WARN_SUSPICIOUS_MOVE = YES;
				CLANG_WARN_UNGUARDED_AVAILABILITY = YES_AGGRESSIVE;
				CLANG_WARN_UNREACHABLE_CODE = YES;
				CLANG_WARN__DUPLICATE_METHOD_MATCH = YES;
				COPY_PHASE_STRIP = NO;
				DEBUG_INFORMATION_FORMAT = dwarf;
				ENABLE_STRICT_OBJC_MSGSEND = YES;
				ENABLE_TESTABILITY = YES;
				GCC_C_LANGUAGE_STANDARD = gnu11;
				GCC_DYNAMIC_NO_PIC = NO;
				GCC_NO_COMMON_BLOCKS = YES;
				GCC_OPTIMIZATION_LEVEL = 0;
				GCC_PREPROCESSOR_DEFINITIONS = (
					"DEBUG=1",
					"$(inherited)",
				);
				GCC_WARN_64_TO_32_BIT_CONVERSION = YES;
				GCC_WARN_ABOUT_RETURN_TYPE = YES_ERROR;
				GCC_WARN_UNDECLARED_SELECTOR = YES;
				GCC_WARN_UNINITIALIZED_AUTOS = YES_AGGRESSIVE;
				GCC_WARN_UNUSED_FUNCTION = YES;
				GCC_WARN_UNUSED_VARIABLE = YES;
				IPHONEOS_DEPLOYMENT_TARGET = 16.0;
				MTL_ENABLE_DEBUG_INFO = INCLUDE_SOURCE;
				MTL_FAST_MATH = YES;
				ONLY_ACTIVE_ARCH = YES;
				SDKROOT = iphoneos;
				SWIFT_ACTIVE_COMPILATION_CONDITIONS = DEBUG;
				SWIFT_OPTIMIZATION_LEVEL = "-Onone";
			};
			name = Debug;
		};
		68347EE6299258EB00032ED8 /* Release */ = {
			isa = XCBuildConfiguration;
			buildSettings = {
				ALWAYS_SEARCH_USER_PATHS = NO;
				CLANG_ANALYZER_NONNULL = YES;
				CLANG_ANALYZER_NUMBER_OBJECT_CONVERSION = YES_AGGRESSIVE;
				CLANG_CXX_LANGUAGE_STANDARD = "gnu++20";
				CLANG_ENABLE_MODULES = YES;
				CLANG_ENABLE_OBJC_ARC = YES;
				CLANG_ENABLE_OBJC_WEAK = YES;
				CLANG_WARN_BLOCK_CAPTURE_AUTORELEASING = YES;
				CLANG_WARN_BOOL_CONVERSION = YES;
				CLANG_WARN_COMMA = YES;
				CLANG_WARN_CONSTANT_CONVERSION = YES;
				CLANG_WARN_DEPRECATED_OBJC_IMPLEMENTATIONS = YES;
				CLANG_WARN_DIRECT_OBJC_ISA_USAGE = YES_ERROR;
				CLANG_WARN_DOCUMENTATION_COMMENTS = YES;
				CLANG_WARN_EMPTY_BODY = YES;
				CLANG_WARN_ENUM_CONVERSION = YES;
				CLANG_WARN_INFINITE_RECURSION = YES;
				CLANG_WARN_INT_CONVERSION = YES;
				CLANG_WARN_NON_LITERAL_NULL_CONVERSION = YES;
				CLANG_WARN_OBJC_IMPLICIT_RETAIN_SELF = YES;
				CLANG_WARN_OBJC_LITERAL_CONVERSION = YES;
				CLANG_WARN_OBJC_ROOT_CLASS = YES_ERROR;
				CLANG_WARN_QUOTED_INCLUDE_IN_FRAMEWORK_HEADER = YES;
				CLANG_WARN_RANGE_LOOP_ANALYSIS = YES;
				CLANG_WARN_STRICT_PROTOTYPES = YES;
				CLANG_WARN_SUSPICIOUS_MOVE = YES;
				CLANG_WARN_UNGUARDED_AVAILABILITY = YES_AGGRESSIVE;
				CLANG_WARN_UNREACHABLE_CODE = YES;
				CLANG_WARN__DUPLICATE_METHOD_MATCH = YES;
				COPY_PHASE_STRIP = NO;
				DEBUG_INFORMATION_FORMAT = "dwarf-with-dsym";
				ENABLE_NS_ASSERTIONS = NO;
				ENABLE_STRICT_OBJC_MSGSEND = YES;
				GCC_C_LANGUAGE_STANDARD = gnu11;
				GCC_NO_COMMON_BLOCKS = YES;
				GCC_WARN_64_TO_32_BIT_CONVERSION = YES;
				GCC_WARN_ABOUT_RETURN_TYPE = YES_ERROR;
				GCC_WARN_UNDECLARED_SELECTOR = YES;
				GCC_WARN_UNINITIALIZED_AUTOS = YES_AGGRESSIVE;
				GCC_WARN_UNUSED_FUNCTION = YES;
				GCC_WARN_UNUSED_VARIABLE = YES;
				IPHONEOS_DEPLOYMENT_TARGET = 16.0;
				MTL_ENABLE_DEBUG_INFO = NO;
				MTL_FAST_MATH = YES;
				SDKROOT = iphoneos;
				SWIFT_COMPILATION_MODE = wholemodule;
				SWIFT_OPTIMIZATION_LEVEL = "-O";
				VALIDATE_PRODUCT = YES;
			};
			name = Release;
		};
		68347EE8299258EB00032ED8 /* Debug */ = {
			isa = XCBuildConfiguration;
			buildSettings = {
				ASSETCATALOG_COMPILER_APPICON_NAME = AppIcon;
				ASSETCATALOG_COMPILER_GLOBAL_ACCENT_COLOR_NAME = AccentColor;
				CODE_SIGN_STYLE = Automatic;
				CURRENT_PROJECT_VERSION = 1;
				DEVELOPMENT_TEAM = X2WF6FR3RY;
				GENERATE_INFOPLIST_FILE = YES;
				INFOPLIST_FILE = HardDependencies/Info.plist;
				INFOPLIST_KEY_UIApplicationSupportsIndirectInputEvents = YES;
				INFOPLIST_KEY_UILaunchStoryboardName = LaunchScreen;
				INFOPLIST_KEY_UIMainStoryboardFile = Main;
				INFOPLIST_KEY_UISupportedInterfaceOrientations_iPad = "UIInterfaceOrientationPortrait UIInterfaceOrientationPortraitUpsideDown UIInterfaceOrientationLandscapeLeft UIInterfaceOrientationLandscapeRight";
				INFOPLIST_KEY_UISupportedInterfaceOrientations_iPhone = "UIInterfaceOrientationPortrait UIInterfaceOrientationLandscapeLeft UIInterfaceOrientationLandscapeRight";
				LD_RUNPATH_SEARCH_PATHS = (
					"$(inherited)",
					"@executable_path/Frameworks",
				);
				MARKETING_VERSION = 1.0;
				PRODUCT_BUNDLE_IDENTIFIER = ann.beckwon.HardDependencies;
				PRODUCT_NAME = "$(TARGET_NAME)";
				SWIFT_EMIT_LOC_STRINGS = YES;
				SWIFT_VERSION = 5.0;
				TARGETED_DEVICE_FAMILY = "1,2";
			};
			name = Debug;
		};
		68347EE9299258EB00032ED8 /* Release */ = {
			isa = XCBuildConfiguration;
			buildSettings = {
				ASSETCATALOG_COMPILER_APPICON_NAME = AppIcon;
				ASSETCATALOG_COMPILER_GLOBAL_ACCENT_COLOR_NAME = AccentColor;
				CODE_SIGN_STYLE = Automatic;
				CURRENT_PROJECT_VERSION = 1;
				DEVELOPMENT_TEAM = X2WF6FR3RY;
				GENERATE_INFOPLIST_FILE = YES;
				INFOPLIST_FILE = HardDependencies/Info.plist;
				INFOPLIST_KEY_UIApplicationSupportsIndirectInputEvents = YES;
				INFOPLIST_KEY_UILaunchStoryboardName = LaunchScreen;
				INFOPLIST_KEY_UIMainStoryboardFile = Main;
				INFOPLIST_KEY_UISupportedInterfaceOrientations_iPad = "UIInterfaceOrientationPortrait UIInterfaceOrientationPortraitUpsideDown UIInterfaceOrientationLandscapeLeft UIInterfaceOrientationLandscapeRight";
				INFOPLIST_KEY_UISupportedInterfaceOrientations_iPhone = "UIInterfaceOrientationPortrait UIInterfaceOrientationLandscapeLeft UIInterfaceOrientationLandscapeRight";
				LD_RUNPATH_SEARCH_PATHS = (
					"$(inherited)",
					"@executable_path/Frameworks",
				);
				MARKETING_VERSION = 1.0;
				PRODUCT_BUNDLE_IDENTIFIER = ann.beckwon.HardDependencies;
				PRODUCT_NAME = "$(TARGET_NAME)";
				SWIFT_EMIT_LOC_STRINGS = YES;
				SWIFT_VERSION = 5.0;
				TARGETED_DEVICE_FAMILY = "1,2";
			};
			name = Release;
		};
		68347EEB299258EB00032ED8 /* Debug */ = {
			isa = XCBuildConfiguration;
			buildSettings = {
				ALWAYS_EMBED_SWIFT_STANDARD_LIBRARIES = YES;
				BUNDLE_LOADER = "$(TEST_HOST)";
				CODE_SIGN_STYLE = Automatic;
				CURRENT_PROJECT_VERSION = 1;
				DEVELOPMENT_TEAM = X2WF6FR3RY;
				GENERATE_INFOPLIST_FILE = YES;
				IPHONEOS_DEPLOYMENT_TARGET = 16.0;
				MARKETING_VERSION = 1.0;
				PRODUCT_BUNDLE_IDENTIFIER = ann.beckwon.HardDependenciesTests;
				PRODUCT_NAME = "$(TARGET_NAME)";
				SWIFT_EMIT_LOC_STRINGS = NO;
				SWIFT_VERSION = 5.0;
				TARGETED_DEVICE_FAMILY = "1,2";
				TEST_HOST = "$(BUILT_PRODUCTS_DIR)/HardDependencies.app/$(BUNDLE_EXECUTABLE_FOLDER_PATH)/HardDependencies";
			};
			name = Debug;
		};
		68347EEC299258EB00032ED8 /* Release */ = {
			isa = XCBuildConfiguration;
			buildSettings = {
				ALWAYS_EMBED_SWIFT_STANDARD_LIBRARIES = YES;
				BUNDLE_LOADER = "$(TEST_HOST)";
				CODE_SIGN_STYLE = Automatic;
				CURRENT_PROJECT_VERSION = 1;
				DEVELOPMENT_TEAM = X2WF6FR3RY;
				GENERATE_INFOPLIST_FILE = YES;
				IPHONEOS_DEPLOYMENT_TARGET = 16.0;
				MARKETING_VERSION = 1.0;
				PRODUCT_BUNDLE_IDENTIFIER = ann.beckwon.HardDependenciesTests;
				PRODUCT_NAME = "$(TARGET_NAME)";
				SWIFT_EMIT_LOC_STRINGS = NO;
				SWIFT_VERSION = 5.0;
				TARGETED_DEVICE_FAMILY = "1,2";
				TEST_HOST = "$(BUILT_PRODUCTS_DIR)/HardDependencies.app/$(BUNDLE_EXECUTABLE_FOLDER_PATH)/HardDependencies";
			};
			name = Release;
		};
		68347EEE299258EB00032ED8 /* Debug */ = {
			isa = XCBuildConfiguration;
			buildSettings = {
				ALWAYS_EMBED_SWIFT_STANDARD_LIBRARIES = YES;
				CODE_SIGN_STYLE = Automatic;
				CURRENT_PROJECT_VERSION = 1;
				DEVELOPMENT_TEAM = X2WF6FR3RY;
				GENERATE_INFOPLIST_FILE = YES;
				MARKETING_VERSION = 1.0;
				PRODUCT_BUNDLE_IDENTIFIER = ann.beckwon.HardDependenciesUITests;
				PRODUCT_NAME = "$(TARGET_NAME)";
				SWIFT_EMIT_LOC_STRINGS = NO;
				SWIFT_VERSION = 5.0;
				TARGETED_DEVICE_FAMILY = "1,2";
				TEST_TARGET_NAME = HardDependencies;
			};
			name = Debug;
		};
		68347EEF299258EB00032ED8 /* Release */ = {
			isa = XCBuildConfiguration;
			buildSettings = {
				ALWAYS_EMBED_SWIFT_STANDARD_LIBRARIES = YES;
				CODE_SIGN_STYLE = Automatic;
				CURRENT_PROJECT_VERSION = 1;
				DEVELOPMENT_TEAM = X2WF6FR3RY;
				GENERATE_INFOPLIST_FILE = YES;
				MARKETING_VERSION = 1.0;
				PRODUCT_BUNDLE_IDENTIFIER = ann.beckwon.HardDependenciesUITests;
				PRODUCT_NAME = "$(TARGET_NAME)";
				SWIFT_EMIT_LOC_STRINGS = NO;
				SWIFT_VERSION = 5.0;
				TARGETED_DEVICE_FAMILY = "1,2";
				TEST_TARGET_NAME = HardDependencies;
			};
			name = Release;
		};
/* End XCBuildConfiguration section */

/* Begin XCConfigurationList section */
		68347EB8299258E900032ED8 /* Build configuration list for PBXProject "HardDependencies" */ = {
			isa = XCConfigurationList;
			buildConfigurations = (
				68347EE5299258EB00032ED8 /* Debug */,
				68347EE6299258EB00032ED8 /* Release */,
			);
			defaultConfigurationIsVisible = 0;
			defaultConfigurationName = Release;
		};
		68347EE7299258EB00032ED8 /* Build configuration list for PBXNativeTarget "HardDependencies" */ = {
			isa = XCConfigurationList;
			buildConfigurations = (
				68347EE8299258EB00032ED8 /* Debug */,
				68347EE9299258EB00032ED8 /* Release */,
			);
			defaultConfigurationIsVisible = 0;
			defaultConfigurationName = Release;
		};
		68347EEA299258EB00032ED8 /* Build configuration list for PBXNativeTarget "HardDependenciesTests" */ = {
			isa = XCConfigurationList;
			buildConfigurations = (
				68347EEB299258EB00032ED8 /* Debug */,
				68347EEC299258EB00032ED8 /* Release */,
			);
			defaultConfigurationIsVisible = 0;
			defaultConfigurationName = Release;
		};
		68347EED299258EB00032ED8 /* Build configuration list for PBXNativeTarget "HardDependenciesUITests" */ = {
			isa = XCConfigurationList;
			buildConfigurations = (
				68347EEE299258EB00032ED8 /* Debug */,
				68347EEF299258EB00032ED8 /* Release */,
			);
			defaultConfigurationIsVisible = 0;
			defaultConfigurationName = Release;
		};
/* End XCConfigurationList section */
	};
	rootObject = 68347EB5299258E900032ED8 /* Project object */;
}
